Microsoft Visual Studio Solution File, Format Version 12.00
# Visual Studio Version 17
VisualStudioVersion = 17.5.2.0
MinimumVisualStudioVersion = 10.0.40219.1
Project("{FAE04EC0-301F-11D3-BF4B-00C04F79EFBC}") = "Data_Types", "Data_Types\Data_Types.csproj", "{C117677B-745F-F23C-4D8A-F8C5D94A5035}"
EndProject
Global
	GlobalSection(SolutionConfigurationPlatforms) = preSolution
		Debug|Any CPU = Debug|Any CPU
		Release|Any CPU = Release|Any CPU
	EndGlobalSection
	GlobalSection(ProjectConfigurationPlatforms) = postSolution
		{C117677B-745F-F23C-4D8A-F8C5D94A5035}.Debug|Any CPU.ActiveCfg = Debug|Any CPU
		{C117677B-745F-F23C-4D8A-F8C5D94A5035}.Debug|Any CPU.Build.0 = Debug|Any CPU
		{C117677B-745F-F23C-4D8A-F8C5D94A5035}.Release|Any CPU.ActiveCfg = Release|Any CPU
		{C117677B-745F-F23C-4D8A-F8C5D94A5035}.Release|Any CPU.Build.0 = Release|Any CPU
	EndGlobalSection
	GlobalSection(SolutionProperties) = preSolution
		HideSolutionNode = FALSE
	EndGlobalSection
	GlobalSection(ExtensibilityGlobals) = postSolution
		SolutionGuid = {388DCADD-146B-4BD0-A110-81CC00E97592}
	EndGlobalSection
EndGlobal
